
Microsoft Visual Studio Solution File, Format Version 12.00
# Visual Studio 15
VisualStudioVersion = 15.0.27428.2037
MinimumVisualStudioVersion = 10.0.40219.1
Project("{F184B08F-C81C-45F6-A57F-5ABD9991F28F}") = "Turn Off Monitor", "Turn Off Monitor\Turn Off Monitor.vbproj", "{F468127F-AE69-4E28-BF0B-64FB246B474B}"
EndProject
Global
	GlobalSection(SolutionConfigurationPlatforms) = preSolution
		Debug|Any CPU = Debug|Any CPU
		Release|Any CPU = Release|Any CPU
	EndGlobalSection
	GlobalSection(ProjectConfigurationPlatforms) = postSolution
		{F468127F-AE69-4E28-BF0B-64FB246B474B}.Debug|Any CPU.ActiveCfg = Debug|Any CPU
		{F468127F-AE69-4E28-BF0B-64FB246B474B}.Debug|Any CPU.Build.0 = Debug|Any CPU
		{F468127F-AE69-4E28-BF0B-64FB246B474B}.Release|Any CPU.ActiveCfg = Release|Any CPU
		{F468127F-AE69-4E28-BF0B-64FB246B474B}.Release|Any CPU.Build.0 = Release|Any CPU
	EndGlobalSection
	GlobalSection(SolutionProperties) = preSolution
		HideSolutionNode = FALSE
	EndGlobalSection
	GlobalSection(ExtensibilityGlobals) = postSolution
		SolutionGuid = {24BB032C-6DDE-43E5-A63D-9EADB42299F0}
	EndGlobalSection
EndGlobal
